
Microsoft Visual Studio Solution File, Format Version 12.00
# Visual Studio 15
VisualStudioVersion = 15.0.26430.6
MinimumVisualStudioVersion = 10.0.40219.1
Project("{FAE04EC0-301F-11D3-BF4B-00C04F79EFBC}") = "Fusion", "Fusion\Fusion.csproj", "{84D576E4-864D-427F-8304-4C23A76D644A}"
EndProject
Project("{2150E333-8FDC-42A3-9474-1A3956D46DE8}") = "Solution Items", "Solution Items", "{96B92570-6F29-4582-852D-61A58C502D85}"
	ProjectSection(SolutionItems) = preProject
		tsconfig.json = tsconfig.json
	EndProjectSection
EndProject
Global
	GlobalSection(SolutionConfigurationPlatforms) = preSolution
		Debug|Any CPU = Debug|Any CPU
		Debug|x86 = Debug|x86
	EndGlobalSection
	GlobalSection(ProjectConfigurationPlatforms) = postSolution
		{84D576E4-864D-427F-8304-4C23A76D644A}.Debug|Any CPU.ActiveCfg = Debug|Any CPU
		{84D576E4-864D-427F-8304-4C23A76D644A}.Debug|Any CPU.Build.0 = Debug|Any CPU
		{84D576E4-864D-427F-8304-4C23A76D644A}.Debug|x86.ActiveCfg = Debug|x86
		{84D576E4-864D-427F-8304-4C23A76D644A}.Debug|x86.Build.0 = Debug|x86
	EndGlobalSection
	GlobalSection(SolutionProperties) = preSolution
		HideSolutionNode = FALSE
	EndGlobalSection
EndGlobal
